
Microsoft Visual Studio Solution File, Format Version 12.00
# Visual Studio 14
VisualStudioVersion = 14.0.23107.0
MinimumVisualStudioVersion = 10.0.40219.1
Project("{FAE04EC0-301F-11D3-BF4B-00C04F79EFBC}") = "Client", "Client\Client.csproj", "{6833F40D-6DB5-46EB-901D-0DAE944EDCEC}"
EndProject
Project("{FAE04EC0-301F-11D3-BF4B-00C04F79EFBC}") = "Server", "Server\Server.csproj", "{893D8CF0-1E01-4141-9498-C3EA0E38C0C3}"
EndProject
Project("{FAE04EC0-301F-11D3-BF4B-00C04F79EFBC}") = "WpfClient", "WpfClient\WpfClient.csproj", "{805053FD-8A6C-4F40-9452-F561B9DCAEF0}"
EndProject
Global
	GlobalSection(SolutionConfigurationPlatforms) = preSolution
		Debug|Any CPU = Debug|Any CPU
		Release|Any CPU = Release|Any CPU
	EndGlobalSection
	GlobalSection(ProjectConfigurationPlatforms) = postSolution
		{6833F40D-6DB5-46EB-901D-0DAE944EDCEC}.Debug|Any CPU.ActiveCfg = Debug|Any CPU
		{6833F40D-6DB5-46EB-901D-0DAE944EDCEC}.Debug|Any CPU.Build.0 = Debug|Any CPU
		{6833F40D-6DB5-46EB-901D-0DAE944EDCEC}.Release|Any CPU.ActiveCfg = Release|Any CPU
		{6833F40D-6DB5-46EB-901D-0DAE944EDCEC}.Release|Any CPU.Build.0 = Release|Any CPU
		{893D8CF0-1E01-4141-9498-C3EA0E38C0C3}.Debug|Any CPU.ActiveCfg = Debug|Any CPU
		{893D8CF0-1E01-4141-9498-C3EA0E38C0C3}.Debug|Any CPU.Build.0 = Debug|Any CPU
		{893D8CF0-1E01-4141-9498-C3EA0E38C0C3}.Release|Any CPU.ActiveCfg = Release|Any CPU
		{893D8CF0-1E01-4141-9498-C3EA0E38C0C3}.Release|Any CPU.Build.0 = Release|Any CPU
		{805053FD-8A6C-4F40-9452-F561B9DCAEF0}.Debug|Any CPU.ActiveCfg = Debug|Any CPU
		{805053FD-8A6C-4F40-9452-F561B9DCAEF0}.Debug|Any CPU.Build.0 = Debug|Any CPU
		{805053FD-8A6C-4F40-9452-F561B9DCAEF0}.Release|Any CPU.ActiveCfg = Release|Any CPU
		{805053FD-8A6C-4F40-9452-F561B9DCAEF0}.Release|Any CPU.Build.0 = Release|Any CPU
	EndGlobalSection
	GlobalSection(SolutionProperties) = preSolution
		HideSolutionNode = FALSE
	EndGlobalSection
EndGlobal
